# This file is generated by running "yarn install" inside your project.
# Manual changes might be lost - proceed with caution!

__metadata:
  version: 6
  cacheKey: 8

"@discordjs/builders@npm:^1.2.0, @discordjs/builders@npm:^1.3.0":
  version: 1.3.0
  resolution: "@discordjs/builders@npm:1.3.0"
  dependencies:
    "@discordjs/util": ^0.1.0
    "@sapphire/shapeshift": ^3.7.0
    discord-api-types: ^0.37.12
    fast-deep-equal: ^3.1.3
    ts-mixer: ^6.0.1
    tslib: ^2.4.0
  checksum: e88133be93fb525381f0b5e0333dc5e8583c3c50e9fae2b51fc7e24f6bdb44c436d1ac174734e81fc97a880550283e7d15e6d6e2459ba9412d709eef14611f28
  languageName: node
  linkType: hard

"@discordjs/collection@npm:^1.1.0, @discordjs/collection@npm:^1.2.0":
  version: 1.2.0
  resolution: "@discordjs/collection@npm:1.2.0"
  checksum: 76eae566834d78437363a3437d10c74b485b0a8b0dd350745e7bbb45d0bdc834b8ce6c1008c41728f7cbdf9be80a3147e8006610ed8d34bec8b31b7c521d40c2
  languageName: node
  linkType: hard

"@discordjs/rest@npm:^1.3.0":
  version: 1.3.0
  resolution: "@discordjs/rest@npm:1.3.0"
  dependencies:
    "@discordjs/collection": ^1.2.0
    "@discordjs/util": ^0.1.0
    "@sapphire/async-queue": ^1.5.0
    "@sapphire/snowflake": ^3.2.2
    discord-api-types: ^0.37.12
    file-type: ^18.0.0
    tslib: ^2.4.0
    undici: ^5.11.0
  checksum: 703c815e9f231b56cad0e71ed805420d875f1a9522e0c4d7be291a2dab5fdf65933b3f592bd3112fe665e213d7c97e32a2e94504a9133de09ccdd327aa53636a
  languageName: node
  linkType: hard

"@discordjs/util@npm:^0.1.0":
  version: 0.1.0
  resolution: "@discordjs/util@npm:0.1.0"
  checksum: 880e15cd761437a21cf17b8a9dab50e7e5418fcc77dc34037c31a52b871fab1b958218ab6218aafd20af8b7a4e658a705d3f257268324773a285d9a06368c1b9
  languageName: node
  linkType: hard

"@prisma/client@npm:^4.5.0":
  version: 4.5.0
  resolution: "@prisma/client@npm:4.5.0"
  dependencies:
    "@prisma/engines-version": 4.5.0-43.0362da9eebca54d94c8ef5edd3b2e90af99ba452
  peerDependencies:
    prisma: "*"
  peerDependenciesMeta:
    prisma:
      optional: true
  checksum: 1e6b76c104f17e6fc78c537d17879a17dcde8443cd6d084530068453c4f2620050c273f5683d7cdb5012a0d5b4854907fe993fcf5752fb11f2bcca7221d34e59
  languageName: node
  linkType: hard

"@prisma/engines-version@npm:4.5.0-43.0362da9eebca54d94c8ef5edd3b2e90af99ba452":
  version: 4.5.0-43.0362da9eebca54d94c8ef5edd3b2e90af99ba452
  resolution: "@prisma/engines-version@npm:4.5.0-43.0362da9eebca54d94c8ef5edd3b2e90af99ba452"
  checksum: 619626ff5dc16a292065a5318f76653f589bf170a769edbabb07d62b4a589ab0eba287a00faf3e31eaf3280c99662e210376a61a68f91b7690a955fd43f346eb
  languageName: node
  linkType: hard

"@prisma/engines@npm:4.5.0":
  version: 4.5.0
  resolution: "@prisma/engines@npm:4.5.0"
  checksum: d34ba4ceee67809b4a6d756763b118b3fbf273ab35378e568495248c7c62633c4cccca1e6b94411d5312a272f268f3dec5e8ae0a3e4177ad5f593f38daca7c58
  languageName: node
  linkType: hard

"@sapphire/async-queue@npm:^1.5.0":
  version: 1.5.0
  resolution: "@sapphire/async-queue@npm:1.5.0"
  checksum: 983dbd1fd1b1798496e5edb6a0db7e4d90015160e1028f20475eab0a92625513f1e8d938bc0305811a9cec461c94e01b1e4191615ff03ba49356f568f3255250
  languageName: node
  linkType: hard

"@sapphire/discord-utilities@npm:^2.11.6, @sapphire/discord-utilities@npm:^2.11.7-pr-434.9fcf7df.0":
  version: 2.12.0
  resolution: "@sapphire/discord-utilities@npm:2.12.0"
  dependencies:
    discord-api-types: ^0.36.3
  checksum: a699d8cca46033a0eafa42dc44651f1e72ccb2a5eb8e94710dbe4b7f154aed0d7729c7eba515bcdfe1592a0b0c8181f2712a43939188a44603b940e877fa81a7
  languageName: node
  linkType: hard

"@sapphire/discord.js-utilities@npm:5.1.0-pr-434.9fcf7df.0, @sapphire/discord.js-utilities@pr-434":
  version: 5.1.0-pr-434.9fcf7df.0
  resolution: "@sapphire/discord.js-utilities@npm:5.1.0-pr-434.9fcf7df.0"
  dependencies:
    "@sapphire/discord-utilities": ^2.11.7-pr-434.9fcf7df.0
    "@sapphire/duration": ^1.0.0
    "@sapphire/utilities": ^3.10.1
    tslib: ^2.4.0
  checksum: 06b209887204c1722da4c531a5f181e7f75a15805953144ae31c1af471fbdd261b242c58dedb541263c66ae644e069551766c335f570f7acb8067d16716e8ba8
  languageName: node
  linkType: hard

"@sapphire/duration@npm:^1.0.0":
  version: 1.0.0
  resolution: "@sapphire/duration@npm:1.0.0"
  checksum: dadf3b5742742b5f724d1d78b0c59fd468ffe3ac817da2ba84361ac310528cb8c43f3d9d6032ff08f0f22fcaf61b495fb29b87800748e14abb0b780e86afda75
  languageName: node
  linkType: hard

"@sapphire/framework@npm:3.2.0-pr-512.244de39.0":
  version: 3.2.0-pr-512.244de39.0
  resolution: "@sapphire/framework@npm:3.2.0-pr-512.244de39.0"
  dependencies:
    "@discordjs/builders": ^1.2.0
    "@sapphire/discord-utilities": ^2.11.6
    "@sapphire/discord.js-utilities": pr-434
    "@sapphire/lexure": ^1.1.1
    "@sapphire/pieces": ^3.5.2
    "@sapphire/ratelimits": ^2.4.5
    "@sapphire/result": ^2.5.0
    "@sapphire/stopwatch": ^1.5.0
    "@sapphire/utilities": ^3.10.1
    tslib: ^2.4.0
  checksum: 2edd87ebba1489641e1a0702f6effdcc71ee87cc973319e35b72f7622a8741fd49d283e9a14d55faf713a59b942f8affe46450b09536506f8cbec161b3d03fed
  languageName: node
  linkType: hard

"@sapphire/lexure@npm:^1.1.1":
  version: 1.1.2
  resolution: "@sapphire/lexure@npm:1.1.2"
  dependencies:
    "@sapphire/result": ^2.6.0
  checksum: fe25476ba0189ff8c55c6bdb58ef81b0092f46882c59181e712d68adb68c9d86742365cfcb77e2d6dfb08267752894c9da51615718a1ab77ee3ff3609d93b240
  languageName: node
  linkType: hard

"@sapphire/pieces@npm:^3.5.2":
  version: 3.5.2
  resolution: "@sapphire/pieces@npm:3.5.2"
  dependencies:
    "@discordjs/collection": ^1.1.0
    "@sapphire/utilities": ^3.10.0
    tslib: ^2.4.0
  checksum: 889ee2da817605dcd7681a2c04d471611106f05fc7463220b34eb6a4f6717e47c7c9287dd4903bb42c766f9556c2a987ca997349afa886f25203901794fbec05
  languageName: node
  linkType: hard

"@sapphire/ratelimits@npm:^2.4.5":
  version: 2.4.5
  resolution: "@sapphire/ratelimits@npm:2.4.5"
  dependencies:
    "@sapphire/timer-manager": ^1.0.0
  checksum: e987d285c974e600222298e2c5e9523581c024059b3ec93cdfc71fc704b2dca5a55f126b897ee71b8bd82d2516e1d6c17c22355f329f43ead7bc001d9fbd9118
  languageName: node
  linkType: hard

"@sapphire/result@npm:^2.5.0, @sapphire/result@npm:^2.6.0":
  version: 2.6.0
  resolution: "@sapphire/result@npm:2.6.0"
  checksum: bab9e963c85c7ea0a410c36617b7d32fca8749739b7fbb61bf7a2eff566d002af78606c379b1a71f2857bf9c04d3f5f1af67f02278da75ac660f2f6ddfef26b5
  languageName: node
  linkType: hard

"@sapphire/shapeshift@npm:^3.7.0":
  version: 3.7.0
  resolution: "@sapphire/shapeshift@npm:3.7.0"
  dependencies:
    fast-deep-equal: ^3.1.3
    lodash.uniqwith: ^4.5.0
  checksum: 4fed0865abcf3653406cfa1f4a2a7d1c51103cee1c13ec4fd8fbc84bd32d20b2949e2266531c2d81b9b1e3af32787cd1f5d66a3d6146d6afb553ca2c6377beb1
  languageName: node
  linkType: hard

"@sapphire/snowflake@npm:^3.2.2":
  version: 3.2.2
  resolution: "@sapphire/snowflake@npm:3.2.2"
  checksum: 315fecef4738092c2a2f3509b132b811fcbfa6c98d5d45d951adaf3ca21608be69043bcc137cc6933a7c3e55cbdc066daa5bb484603e6575422b335445b59315
  languageName: node
  linkType: hard

"@sapphire/stopwatch@npm:^1.5.0":
  version: 1.5.0
  resolution: "@sapphire/stopwatch@npm:1.5.0"
  dependencies:
    tslib: ^2.4.0
  checksum: 23c013598d87d2fcc797efe5d2409ae6836b9221d79eacc10b7c2a95f9d694b562b7ad027dc49e9e8125095417199385a15317520fec371bdb8cc7622085e3af
  languageName: node
  linkType: hard

"@sapphire/timer-manager@npm:^1.0.0":
  version: 1.0.0
  resolution: "@sapphire/timer-manager@npm:1.0.0"
  checksum: 2f131c2bf1882528c80e6a4aa8f0d3078ae1e2e3d1afc054878fbdb946dc987073d037dad5122e67d20b98e0ec6a37a8e4da7f9c0a91b9711819ad54bbedd6a4
  languageName: node
  linkType: hard

"@sapphire/utilities@npm:^3.10.0, @sapphire/utilities@npm:^3.10.1":
  version: 3.11.0
  resolution: "@sapphire/utilities@npm:3.11.0"
  checksum: 3c8521038b8879524e8114f39eefc8b3b06cf825995f709684238b5cb14bd7df06d232a26a88f79160df290a66f9aa3133f5ce4ff8e2398033db9f301ad31e0d
  languageName: node
  linkType: hard

"@tokenizer/token@npm:^0.3.0":
  version: 0.3.0
  resolution: "@tokenizer/token@npm:0.3.0"
  checksum: 1d575d02d2a9f0c5a4ca5180635ebd2ad59e0f18b42a65f3d04844148b49b3db35cf00b6012a1af2d59c2ab3caca59451c5689f747ba8667ee586ad717ee58e1
  languageName: node
  linkType: hard

"@types/node@npm:*, @types/node@npm:^18.11.3":
  version: 18.11.3
  resolution: "@types/node@npm:18.11.3"
  checksum: 3a2a9142d891a90a195c296149bf64a69cc0abcc42f543be911ab22b2e0ead85ff077f90af92f0f13f6e3e5e72501469200fd753dfd1101825d4646a89d3ee47
  languageName: node
  linkType: hard

"@types/validator@npm:^13.7.10":
  version: 13.7.10
  resolution: "@types/validator@npm:13.7.10"
  checksum: 7b142c08019f484d62c9f3074231f640c24311558f157dd253a60810dd0cb29e41ec64ca210a192b54f6de51f4fe016bfeb2c30f90fa49c9337ed54a9d8e02aa
  languageName: node
  linkType: hard

"@types/ws@npm:^8.5.3":
  version: 8.5.3
  resolution: "@types/ws@npm:8.5.3"
  dependencies:
    "@types/node": "*"
  checksum: 0ce46f850d41383fcdc2149bcacc86d7232fa7a233f903d2246dff86e31701a02f8566f40af5f8b56d1834779255c04ec6ec78660fe0f9b2a69cf3d71937e4ae
  languageName: node
  linkType: hard

"buffer-writer@npm:2.0.0":
  version: 2.0.0
  resolution: "buffer-writer@npm:2.0.0"
  checksum: 11736b48bb75106c52ca8ec9f025e7c1b3b25ce31875f469d7210eabd5c576c329e34f6b805d4a8d605ff3f0db1e16342328802c4c963e9c826b0e43a4e631c2
  languageName: node
  linkType: hard

"busboy@npm:^1.6.0":
  version: 1.6.0
  resolution: "busboy@npm:1.6.0"
  dependencies:
    streamsearch: ^1.1.0
  checksum: 32801e2c0164e12106bf236291a00795c3c4e4b709ae02132883fe8478ba2ae23743b11c5735a0aae8afe65ac4b6ca4568b91f0d9fed1fdbc32ede824a73746e
  languageName: node
  linkType: hard

"data-uri-to-buffer@npm:^4.0.0":
  version: 4.0.0
  resolution: "data-uri-to-buffer@npm:4.0.0"
  checksum: a010653869abe8bb51259432894ac62c52bf79ad761d418d94396f48c346f2ae739c46b254e8bb5987bded8a653d467db1968db3a69bab1d33aa5567baa5cfc7
  languageName: node
  linkType: hard

"discord-api-types@npm:^0.36.3":
  version: 0.36.3
  resolution: "discord-api-types@npm:0.36.3"
  checksum: 3089c0fb37425dc5df03c76d82988d43fcc272699b06a02fc830d0a3bef550009aaebdf6d646529e8a7ccea76ae3f43b099d736ea5ef37a0be143142ab49871d
  languageName: node
  linkType: hard

"discord-api-types@npm:^0.37.12":
  version: 0.37.18
  resolution: "discord-api-types@npm:0.37.18"
  checksum: 66f8910f56cb882c85a698d723615d09407ce70b74fc9d8e033cc6620b45e3bdcbf19504e0b9428bdd2edfd47d12a5d97c086671f8b2c255e823b97a7c1b10fa
  languageName: node
  linkType: hard

"discord.js@npm:^14.6.0":
  version: 14.6.0
  resolution: "discord.js@npm:14.6.0"
  dependencies:
    "@discordjs/builders": ^1.3.0
    "@discordjs/collection": ^1.2.0
    "@discordjs/rest": ^1.3.0
    "@discordjs/util": ^0.1.0
    "@sapphire/snowflake": ^3.2.2
    "@types/ws": ^8.5.3
    discord-api-types: ^0.37.12
    fast-deep-equal: ^3.1.3
    lodash.snakecase: ^4.1.1
    tslib: ^2.4.0
    undici: ^5.11.0
    ws: ^8.9.0
  checksum: a1b5319835171eef54b9079398cb71482d09eb8425e6f1a83e9d7a4eaf7179fc19ac43780d6dee8a436dd4b81e61ac5e36ca07f59beb3ca19facd929e69bc2a7
  languageName: node
  linkType: hard

"dotenv@npm:^16.0.3":
  version: 16.0.3
  resolution: "dotenv@npm:16.0.3"
  checksum: afcf03f373d7a6d62c7e9afea6328e62851d627a4e73f2e12d0a8deae1cd375892004f3021883f8aec85932cd2834b091f568ced92b4774625b321db83b827f8
  languageName: node
  linkType: hard

"fast-deep-equal@npm:^3.1.3":
  version: 3.1.3
  resolution: "fast-deep-equal@npm:3.1.3"
  checksum: e21a9d8d84f53493b6aa15efc9cfd53dd5b714a1f23f67fb5dc8f574af80df889b3bce25dc081887c6d25457cce704e636395333abad896ccdec03abaf1f3f9d
  languageName: node
  linkType: hard

"fastest-levenshtein@npm:^1.0.16":
  version: 1.0.16
  resolution: "fastest-levenshtein@npm:1.0.16"
  checksum: a78d44285c9e2ae2c25f3ef0f8a73f332c1247b7ea7fb4a191e6bb51aa6ee1ef0dfb3ed113616dcdc7023e18e35a8db41f61c8d88988e877cf510df8edafbc71
  languageName: node
  linkType: hard

"fetch-blob@npm:^3.1.2, fetch-blob@npm:^3.1.4":
  version: 3.2.0
  resolution: "fetch-blob@npm:3.2.0"
  dependencies:
    node-domexception: ^1.0.0
    web-streams-polyfill: ^3.0.3
  checksum: f19bc28a2a0b9626e69fd7cf3a05798706db7f6c7548da657cbf5026a570945f5eeaedff52007ea35c8bcd3d237c58a20bf1543bc568ab2422411d762dd3d5bf
  languageName: node
  linkType: hard

"file-type@npm:^18.0.0":
  version: 18.0.0
  resolution: "file-type@npm:18.0.0"
  dependencies:
    readable-web-to-node-stream: ^3.0.2
    strtok3: ^7.0.0
    token-types: ^5.0.1
  checksum: 67f5a927b8030e35a4faf9dd9dea9e17bcb042fb61b9851b7dd1b1b3bb3ecfdd9f83bc3bc72686316ea2bac70df652c61e10affa9b5957b1a3d731df4925e3cb
  languageName: node
  linkType: hard

"formdata-polyfill@npm:^4.0.10":
  version: 4.0.10
  resolution: "formdata-polyfill@npm:4.0.10"
  dependencies:
    fetch-blob: ^3.1.2
  checksum: 82a34df292afadd82b43d4a740ce387bc08541e0a534358425193017bf9fb3567875dc5f69564984b1da979979b70703aa73dee715a17b6c229752ae736dd9db
  languageName: node
  linkType: hard

"ieee754@npm:^1.2.1":
  version: 1.2.1
  resolution: "ieee754@npm:1.2.1"
  checksum: 5144c0c9815e54ada181d80a0b810221a253562422e7c6c3a60b1901154184f49326ec239d618c416c1c5945a2e197107aee8d986a3dd836b53dffefd99b5e7e
  languageName: node
  linkType: hard

"inherits@npm:^2.0.3":
  version: 2.0.4
  resolution: "inherits@npm:2.0.4"
  checksum: 4a48a733847879d6cf6691860a6b1e3f0f4754176e4d71494c41f3475553768b10f84b5ce1d40fbd0e34e6bfbb864ee35858ad4dd2cf31e02fc4a154b724d7f1
  languageName: node
  linkType: hard

"kya-bot@workspace:.":
  version: 0.0.0-use.local
  resolution: "kya-bot@workspace:."
  dependencies:
    "@discordjs/rest": ^1.3.0
    "@prisma/client": ^4.5.0
    "@sapphire/discord.js-utilities": 5.1.0-pr-434.9fcf7df.0
    "@sapphire/framework": 3.2.0-pr-512.244de39.0
    "@sapphire/ratelimits": ^2.4.5
    "@types/node": ^18.11.3
    "@types/validator": ^13.7.10
    discord.js: ^14.6.0
    dotenv: ^16.0.3
    fastest-levenshtein: ^1.0.16
    node-fetch: ^3.3.0
    pg: ^8.8.0
    prisma: ^4.5.0
    simple-text-tree: ^0.1.2
    typescript: ^4.8.4
  languageName: unknown
  linkType: soft

"lodash.snakecase@npm:^4.1.1":
  version: 4.1.1
  resolution: "lodash.snakecase@npm:4.1.1"
  checksum: 1685ed3e83dda6eae5a4dcaee161a51cd210aabb3e1c09c57150e7dd8feda19e4ca0d27d0631eabe8d0f4eaa51e376da64e8c018ae5415417c5890d42feb72a8
  languageName: node
  linkType: hard

"lodash.uniqwith@npm:^4.5.0":
  version: 4.5.0
  resolution: "lodash.uniqwith@npm:4.5.0"
  checksum: d49a4565ed64efd86674127d321622673c29cde3e060baebc0f30372f22886c61b2ead44709db8c890053db1b9660e8ed689689812c1a485eb5703caa94d1150
  languageName: node
  linkType: hard

"node-domexception@npm:^1.0.0":
  version: 1.0.0
  resolution: "node-domexception@npm:1.0.0"
  checksum: ee1d37dd2a4eb26a8a92cd6b64dfc29caec72bff5e1ed9aba80c294f57a31ba4895a60fd48347cf17dd6e766da0ae87d75657dfd1f384ebfa60462c2283f5c7f
  languageName: node
  linkType: hard

"node-fetch@npm:^3.3.0":
  version: 3.3.0
  resolution: "node-fetch@npm:3.3.0"
  dependencies:
    data-uri-to-buffer: ^4.0.0
    fetch-blob: ^3.1.4
    formdata-polyfill: ^4.0.10
  checksum: e9936908d2783d3c48a038e187f8062de294d75ef43ec8ab812d7cbd682be2b67605868758d2e9cad6103706dcfe4a9d21d78f6df984e8edf10e7a5ce2e665f8
  languageName: node
  linkType: hard

"packet-reader@npm:1.0.0":
  version: 1.0.0
  resolution: "packet-reader@npm:1.0.0"
  checksum: 0b7516f0cbf3e322aad591bed29ba544220088c53943145c0d9121a6f59182ad811f7fd6785a8979a34356aca69d97653689029964c5998dc02645633d88ffd7
  languageName: node
  linkType: hard

"peek-readable@npm:^5.0.0":
  version: 5.0.0
  resolution: "peek-readable@npm:5.0.0"
  checksum: bef5ceb50586eb42e14efba274ac57ffe97f0ed272df9239ce029f688f495d9bf74b2886fa27847c706a9db33acda4b7d23bbd09a2d21eb4c2a54da915117414
  languageName: node
  linkType: hard

"pg-connection-string@npm:^2.5.0":
  version: 2.5.0
  resolution: "pg-connection-string@npm:2.5.0"
  checksum: a6f3a068f7c9416a5b33a326811caf0dfaaee045c225b7c628b4c9b4e9a2b25bdd12a21e4c48940e1000ea223a4e608ca122d2ff3dd08c8b1db0fc9f5705133a
  languageName: node
  linkType: hard

"pg-int8@npm:1.0.1":
  version: 1.0.1
  resolution: "pg-int8@npm:1.0.1"
  checksum: a1e3a05a69005ddb73e5f324b6b4e689868a447c5fa280b44cd4d04e6916a344ac289e0b8d2695d66e8e89a7fba023affb9e0e94778770ada5df43f003d664c9
  languageName: node
  linkType: hard

"pg-pool@npm:^3.5.2":
  version: 3.5.2
  resolution: "pg-pool@npm:3.5.2"
  peerDependencies:
    pg: ">=8.0"
  checksum: a5d029200257671f0c17ca54b9ab6213e2060e64e5cc792b78edd50ab471a26cd364890d05d546d9296949e079e943821cf2ceb4d488f4e6a6789fb781a628bf
  languageName: node
  linkType: hard

"pg-protocol@npm:^1.5.0":
  version: 1.5.0
  resolution: "pg-protocol@npm:1.5.0"
  checksum: b839d12cafe942ef9cbc5b13c174eb2356804fb4fe8ead8279f46a36be90722d19a91409955beb8a3d5301639c44854e49749de4aef02dc361fee3e2a61fb1e4
  languageName: node
  linkType: hard

"pg-types@npm:^2.1.0":
  version: 2.2.0
  resolution: "pg-types@npm:2.2.0"
  dependencies:
    pg-int8: 1.0.1
    postgres-array: ~2.0.0
    postgres-bytea: ~1.0.0
    postgres-date: ~1.0.4
    postgres-interval: ^1.1.0
  checksum: bf4ec3f594743442857fb3a8dfe5d2478a04c98f96a0a47365014557cbc0b4b0cee01462c79adca863b93befbf88f876299b75b72c665b5fb84a2c94fbd10316
  languageName: node
  linkType: hard

"pg@npm:^8.8.0":
  version: 8.8.0
  resolution: "pg@npm:8.8.0"
  dependencies:
    buffer-writer: 2.0.0
    packet-reader: 1.0.0
    pg-connection-string: ^2.5.0
    pg-pool: ^3.5.2
    pg-protocol: ^1.5.0
    pg-types: ^2.1.0
    pgpass: 1.x
  peerDependencies:
    pg-native: ">=3.0.1"
  peerDependenciesMeta:
    pg-native:
      optional: true
  checksum: fa30a85814dd7238b582c3bc6c0b9e2b0ae38dd0a6bb485ef480e64bb5ce589de6cb873ce4d3cd10c37a3e0a1e1281ba75dc7d80b1a68bae91999cd5b70d398b
  languageName: node
  linkType: hard

"pgpass@npm:1.x":
  version: 1.0.5
  resolution: "pgpass@npm:1.0.5"
  dependencies:
    split2: ^4.1.0
  checksum: 947ac096c031eebdf08d989de2e9f6f156b8133d6858c7c2c06c041e1e71dda6f5f3bad3c0ec1e96a09497bbc6ef89e762eefe703b5ef9cb2804392ec52ec400
  languageName: node
  linkType: hard

"postgres-array@npm:~2.0.0":
  version: 2.0.0
  resolution: "postgres-array@npm:2.0.0"
  checksum: 0e1e659888147c5de579d229a2d95c0d83ebdbffc2b9396d890a123557708c3b758a0a97ed305ce7f58edfa961fa9f0bbcd1ea9f08b6e5df73322e683883c464
  languageName: node
  linkType: hard

"postgres-bytea@npm:~1.0.0":
  version: 1.0.0
  resolution: "postgres-bytea@npm:1.0.0"
  checksum: d844ae4ca7a941b70e45cac1261a73ee8ed39d72d3d74ab1d645248185a1b7f0ac91a3c63d6159441020f4e1f7fe64689ac56536a307b31cef361e5187335090
  languageName: node
  linkType: hard

"postgres-date@npm:~1.0.4":
  version: 1.0.7
  resolution: "postgres-date@npm:1.0.7"
  checksum: 5745001d47e51cd767e46bcb1710649cd705d91a24d42fa661c454b6dcbb7353c066a5047983c90a626cd3bbfea9e626cc6fa84a35ec57e5bbb28b49f78e13ed
  languageName: node
  linkType: hard

"postgres-interval@npm:^1.1.0":
  version: 1.2.0
  resolution: "postgres-interval@npm:1.2.0"
  dependencies:
    xtend: ^4.0.0
  checksum: 746b71f93805ae33b03528e429dc624706d1f9b20ee81bf743263efb6a0cd79ae02a642a8a480dbc0f09547b4315ab7df6ce5ec0be77ed700bac42730f5c76b2
  languageName: node
  linkType: hard

"prisma@npm:^4.5.0":
  version: 4.5.0
  resolution: "prisma@npm:4.5.0"
  dependencies:
    "@prisma/engines": 4.5.0
  bin:
    prisma: build/index.js
    prisma2: build/index.js
  checksum: 83a6d28475a31e8d69b355f949c0484b6d64324c45c452c57bf9ed50f85129b8df22fecb671c00a28f0cb80360a3f691888c463548949e94078f7f9be4bd0c79
  languageName: node
  linkType: hard

"readable-stream@npm:^3.6.0":
  version: 3.6.0
  resolution: "readable-stream@npm:3.6.0"
  dependencies:
    inherits: ^2.0.3
    string_decoder: ^1.1.1
    util-deprecate: ^1.0.1
  checksum: d4ea81502d3799439bb955a3a5d1d808592cf3133350ed352aeaa499647858b27b1c4013984900238b0873ec8d0d8defce72469fb7a83e61d53f5ad61cb80dc8
  languageName: node
  linkType: hard

"readable-web-to-node-stream@npm:^3.0.2":
  version: 3.0.2
  resolution: "readable-web-to-node-stream@npm:3.0.2"
  dependencies:
    readable-stream: ^3.6.0
  checksum: 8c56cc62c68513425ddfa721954875b382768f83fa20e6b31e365ee00cbe7a3d6296f66f7f1107b16cd3416d33aa9f1680475376400d62a081a88f81f0ea7f9c
  languageName: node
  linkType: hard

"safe-buffer@npm:~5.2.0":
  version: 5.2.1
  resolution: "safe-buffer@npm:5.2.1"
  checksum: b99c4b41fdd67a6aaf280fcd05e9ffb0813654894223afb78a31f14a19ad220bba8aba1cb14eddce1fcfb037155fe6de4e861784eb434f7d11ed58d1e70dd491
  languageName: node
  linkType: hard

"simple-text-tree@npm:^0.1.2":
  version: 0.1.2
  resolution: "simple-text-tree@npm:0.1.2"
  checksum: 1585990e172d89d0993b02f4cf6df746775262ab498eca456c1fe6c5c28b8f390ae17465601acad3a0b420e21646f762939aaf34983db0d5c9e570f7f28594b2
  languageName: node
  linkType: hard

"split2@npm:^4.1.0":
  version: 4.1.0
  resolution: "split2@npm:4.1.0"
  checksum: ec581597cb74c13cdfb5e2047543dd40cb1e8e9803c7b1e0c29ede05f2b4f049b2d6e7f2788a225d544549375719658b8f38e9366364dec35dc7a12edfda5ee5
  languageName: node
  linkType: hard

"streamsearch@npm:^1.1.0":
  version: 1.1.0
  resolution: "streamsearch@npm:1.1.0"
  checksum: 1cce16cea8405d7a233d32ca5e00a00169cc0e19fbc02aa839959985f267335d435c07f96e5e0edd0eadc6d39c98d5435fb5bbbdefc62c41834eadc5622ad942
  languageName: node
  linkType: hard

"string_decoder@npm:^1.1.1":
  version: 1.3.0
  resolution: "string_decoder@npm:1.3.0"
  dependencies:
    safe-buffer: ~5.2.0
  checksum: 8417646695a66e73aefc4420eb3b84cc9ffd89572861fe004e6aeb13c7bc00e2f616247505d2dbbef24247c372f70268f594af7126f43548565c68c117bdeb56
  languageName: node
  linkType: hard

"strtok3@npm:^7.0.0":
  version: 7.0.0
  resolution: "strtok3@npm:7.0.0"
  dependencies:
    "@tokenizer/token": ^0.3.0
    peek-readable: ^5.0.0
  checksum: 2ebe7ad8f2aea611dec6742cf6a42e82764892a362907f7ce493faf334501bf981ce21c828dcc300457e6d460dc9c34d644ededb3b01dcb9e37559203cf1748c
  languageName: node
  linkType: hard

"token-types@npm:^5.0.1":
  version: 5.0.1
  resolution: "token-types@npm:5.0.1"
  dependencies:
    "@tokenizer/token": ^0.3.0
    ieee754: ^1.2.1
  checksum: 32780123bc6ce8b6a2231d860445c994a02a720abf38df5583ea957aa6626873cd1c4dd8af62314da4cf16ede00c379a765707a3b06f04b8808c38efdae1c785
  languageName: node
  linkType: hard

"ts-mixer@npm:^6.0.1":
  version: 6.0.1
  resolution: "ts-mixer@npm:6.0.1"
  checksum: 7050f6e85a24155d18cecdcc0a098d1038991cc498317fcffa9d7a8654c776d417fb97e65de1ce8e7ed54ef4814abd8057d0efb9c3b24e9cc78ac3c0f48bbf53
  languageName: node
  linkType: hard

"tslib@npm:^2.4.0":
  version: 2.4.0
  resolution: "tslib@npm:2.4.0"
  checksum: 8c4aa6a3c5a754bf76aefc38026134180c053b7bd2f81338cb5e5ebf96fefa0f417bff221592bf801077f5bf990562f6264fecbc42cd3309b33872cb6fc3b113
  languageName: node
  linkType: hard

"typescript@npm:^4.8.4":
  version: 4.8.4
  resolution: "typescript@npm:4.8.4"
  bin:
    tsc: bin/tsc
    tsserver: bin/tsserver
  checksum: 3e4f061658e0c8f36c820802fa809e0fd812b85687a9a2f5430bc3d0368e37d1c9605c3ce9b39df9a05af2ece67b1d844f9f6ea8ff42819f13bcb80f85629af0
  languageName: node
  linkType: hard

"typescript@patch:typescript@^4.8.4#~builtin<compat/typescript>":
  version: 4.8.4
  resolution: "typescript@patch:typescript@npm%3A4.8.4#~builtin<compat/typescript>::version=4.8.4&hash=0102e9"
  bin:
    tsc: bin/tsc
    tsserver: bin/tsserver
  checksum: 301459fc3eb3b1a38fe91bf96d98eb55da88a9cb17b4ef80b4d105d620f4d547ba776cc27b44cc2ef58b66eda23fe0a74142feb5e79a6fb99f54fc018a696afa
  languageName: node
  linkType: hard

"undici@npm:^5.11.0":
  version: 5.12.0
  resolution: "undici@npm:5.12.0"
  dependencies:
    busboy: ^1.6.0
  checksum: fbc227704943c05aa3dc1630695e10309c17d0a535678594d136db107c50593248e9ace70e1ab77496a6c837bf14aa2ab3c501a7a6c45fb6277dbf0846e15ffe
  languageName: node
  linkType: hard

"util-deprecate@npm:^1.0.1":
  version: 1.0.2
  resolution: "util-deprecate@npm:1.0.2"
  checksum: 474acf1146cb2701fe3b074892217553dfcf9a031280919ba1b8d651a068c9b15d863b7303cb15bd00a862b498e6cf4ad7b4a08fb134edd5a6f7641681cb54a2
  languageName: node
  linkType: hard

"web-streams-polyfill@npm:^3.0.3":
  version: 3.2.1
  resolution: "web-streams-polyfill@npm:3.2.1"
  checksum: b119c78574b6d65935e35098c2afdcd752b84268e18746606af149e3c424e15621b6f1ff0b42b2676dc012fc4f0d313f964b41a4b5031e525faa03997457da02
  languageName: node
  linkType: hard

"ws@npm:^8.9.0":
  version: 8.9.0
  resolution: "ws@npm:8.9.0"
  peerDependencies:
    bufferutil: ^4.0.1
    utf-8-validate: ^5.0.2
  peerDependenciesMeta:
    bufferutil:
      optional: true
    utf-8-validate:
      optional: true
  checksum: 23aa0f021b2eb65c108ec4c3e08c0d81ba01f82b500432dfe327fd6be36079c1d81fdb0eac6464d2a0eb49904d34a9ab8c59619d673fa07b8346f83aeb0cbf12
  languageName: node
  linkType: hard

"xtend@npm:^4.0.0":
  version: 4.0.2
  resolution: "xtend@npm:4.0.2"
  checksum: ac5dfa738b21f6e7f0dd6e65e1b3155036d68104e67e5d5d1bde74892e327d7e5636a076f625599dc394330a731861e87343ff184b0047fef1360a7ec0a5a36a
  languageName: node
  linkType: hard
